// !$*UTF8*$!
{
	archiveVersion = 1;
	classes = {
	};
	objectVersion = 56;
	objects = {

/* Begin PBXBuildFile section */
		F9THEME001 /* Theme.swift in Sources */ = {isa = PBXBuildFile; fileRef = F9THEMER01 /* Theme.swift */; };
		1A0000001 /* BabyFeedingReminderApp.swift in Sources */ = {isa = PBXBuildFile; fileRef = 1A0000011 /* BabyFeedingReminderApp.swift */; };
		1A00000010 /* NotificationService.swift in Sources */ = {isa = PBXBuildFile; fileRef = 1A0000020A /* NotificationService.swift */; };
		1A0000002 /* ContentView.swift in Sources */ = {isa = PBXBuildFile; fileRef = 1A0000012 /* ContentView.swift */; };
		1A0000003 /* Assets.xcassets in Resources */ = {isa = PBXBuildFile; fileRef = 1A0000013 /* Assets.xcassets */; };
		1A0000004 /* Models.swift in Sources */ = {isa = PBXBuildFile; fileRef = 1A0000014 /* Models.swift */; };
		1A0000005 /* HomeView.swift in Sources */ = {isa = PBXBuildFile; fileRef = 1A0000015 /* HomeView.swift */; };
		1A0000006 /* FeedingView.swift in Sources */ = {isa = PBXBuildFile; fileRef = 1A0000016 /* FeedingView.swift */; };
		1A0000007 /* SleepView.swift in Sources */ = {isa = PBXBuildFile; fileRef = 1A0000017 /* SleepView.swift */; };
		1A0000008 /* StatisticsView.swift in Sources */ = {isa = PBXBuildFile; fileRef = 1A0000018 /* StatisticsView.swift */; };
		1A0000009 /* SettingsView.swift in Sources */ = {isa = PBXBuildFile; fileRef = 1A0000019 /* SettingsView.swift */; };
		1A000000A /* BabyFormView.swift in Sources */ = {isa = PBXBuildFile; fileRef = 1A000001A /* BabyFormView.swift */; };
		1A000000B /* HomeViewModel.swift in Sources */ = {isa = PBXBuildFile; fileRef = 1A000001B /* HomeViewModel.swift */; };
		1A000000C /* FeedingViewModel.swift in Sources */ = {isa = PBXBuildFile; fileRef = 1A000001C /* FeedingViewModel.swift */; };
		1A000000D /* SleepViewModel.swift in Sources */ = {isa = PBXBuildFile; fileRef = 1A000001D /* SleepViewModel.swift */; };
		1A000000E /* StatisticsViewModel.swift in Sources */ = {isa = PBXBuildFile; fileRef = 1A000001E /* StatisticsViewModel.swift */; };
		1A000000F /* NetworkService.swift in Sources */ = {isa = PBXBuildFile; fileRef = 1A000001F /* NetworkService.swift */; };
		F99DFF992EE2F5FD008CAD69 /* AppDelegate.swift in Sources */ = {isa = PBXBuildFile; fileRef = F99DFF982EE2F5FD008CAD69 /* AppDelegate.swift */; };
		F99DFF9F2EE2F699008CAD69 /* LoginViewModel.swift in Sources */ = {isa = PBXBuildFile; fileRef = F99DFF9E2EE2F699008CAD69 /* LoginViewModel.swift */; };
		F9VIEWS001 /* LoginView.swift in Sources */ = {isa = PBXBuildFile; fileRef = F9VIEWSR01 /* LoginView.swift */; };
		F9VIEWS002 /* RegisterView.swift in Sources */ = {isa = PBXBuildFile; fileRef = F9VIEWSR02 /* RegisterView.swift */; };
		F9VIEWS003 /* ForgotPasswordView.swift in Sources */ = {isa = PBXBuildFile; fileRef = F9VIEWSR03 /* ForgotPasswordView.swift */; };
		F9VIEWS004 /* LegalViews.swift in Sources */ = {isa = PBXBuildFile; fileRef = F9VIEWSR04 /* LegalViews.swift */; };
		F9VIEWS005 /* PhoneRegisterView.swift in Sources */ = {isa = PBXBuildFile; fileRef = F9VIEWSR05 /* PhoneRegisterView.swift */; };
		F9EXCRET01 /* ExcretionView.swift in Sources */ = {isa = PBXBuildFile; fileRef = F9EXCRETR01 /* ExcretionView.swift */; };
		F9EXCRET02 /* ExcretionViewModel.swift in Sources */ = {isa = PBXBuildFile; fileRef = F9EXCRETR02 /* ExcretionViewModel.swift */; };
		F9GROWTH01 /* GrowthView.swift in Sources */ = {isa = PBXBuildFile; fileRef = F9GROWTHR01 /* GrowthView.swift */; };
		F9GROWTH02 /* GrowthViewModel.swift in Sources */ = {isa = PBXBuildFile; fileRef = F9GROWTHR02 /* GrowthViewModel.swift */; };
		F9VACCIN01 /* VaccinationView.swift in Sources */ = {isa = PBXBuildFile; fileRef = F9VACCINR01 /* VaccinationView.swift */; };
		F9VACCIN02 /* VaccinationViewModel.swift in Sources */ = {isa = PBXBuildFile; fileRef = F9VACCINR02 /* VaccinationViewModel.swift */; };
		F9RECORD01 /* RecordView.swift in Sources */ = {isa = PBXBuildFile; fileRef = F9RECORDR01 /* RecordView.swift */; };
/* End PBXBuildFile section */

/* Begin PBXFileReference section */
		1A0000010 /* BabyFeedingReminder.app */ = {isa = PBXFileReference; explicitFileType = wrapper.application; includeInIndex = 0; path = BabyFeedingReminder.app; sourceTree = BUILT_PRODUCTS_DIR; };
		1A0000011 /* BabyFeedingReminderApp.swift */ = {isa = PBXFileReference; lastKnownFileType = sourcecode.swift; path = BabyFeedingReminderApp.swift; sourceTree = "<group>"; };
		1A0000012 /* ContentView.swift */ = {isa = PBXFileReference; lastKnownFileType = sourcecode.swift; path = ContentView.swift; sourceTree = "<group>"; };
		1A0000013 /* Assets.xcassets */ = {isa = PBXFileReference; lastKnownFileType = folder.assetcatalog; path = Assets.xcassets; sourceTree = "<group>"; };
		1A0000014 /* Models.swift */ = {isa = PBXFileReference; lastKnownFileType = sourcecode.swift; path = Models.swift; sourceTree = "<group>"; };
		1A0000015 /* HomeView.swift */ = {isa = PBXFileReference; lastKnownFileType = sourcecode.swift; path = HomeView.swift; sourceTree = "<group>"; };
		1A0000016 /* FeedingView.swift */ = {isa = PBXFileReference; lastKnownFileType = sourcecode.swift; path = FeedingView.swift; sourceTree = "<group>"; };
		1A0000017 /* SleepView.swift */ = {isa = PBXFileReference; lastKnownFileType = sourcecode.swift; path = SleepView.swift; sourceTree = "<group>"; };
		1A0000018 /* StatisticsView.swift */ = {isa = PBXFileReference; lastKnownFileType = sourcecode.swift; path = StatisticsView.swift; sourceTree = "<group>"; };
		1A0000019 /* SettingsView.swift */ = {isa = PBXFileReference; lastKnownFileType = sourcecode.swift; path = SettingsView.swift; sourceTree = "<group>"; };
		1A000001A /* BabyFormView.swift */ = {isa = PBXFileReference; lastKnownFileType = sourcecode.swift; path = BabyFormView.swift; sourceTree = "<group>"; };
		1A000001B /* HomeViewModel.swift */ = {isa = PBXFileReference; lastKnownFileType = sourcecode.swift; path = HomeViewModel.swift; sourceTree = "<group>"; };
		1A000001C /* FeedingViewModel.swift */ = {isa = PBXFileReference; lastKnownFileType = sourcecode.swift; path = FeedingViewModel.swift; sourceTree = "<group>"; };
		1A000001D /* SleepViewModel.swift */ = {isa = PBXFileReference; lastKnownFileType = sourcecode.swift; path = SleepViewModel.swift; sourceTree = "<group>"; };
		1A000001E /* StatisticsViewModel.swift */ = {isa = PBXFileReference; lastKnownFileType = sourcecode.swift; path = StatisticsViewModel.swift; sourceTree = "<group>"; };
		1A000001F /* NetworkService.swift */ = {isa = PBXFileReference; lastKnownFileType = sourcecode.swift; path = NetworkService.swift; sourceTree = "<group>"; };
		1A0000020A /* NotificationService.swift */ = {isa = PBXFileReference; lastKnownFileType = sourcecode.swift; path = NotificationService.swift; sourceTree = "<group>"; };
		F99DFF982EE2F5FD008CAD69 /* AppDelegate.swift */ = {isa = PBXFileReference; lastKnownFileType = sourcecode.swift; path = AppDelegate.swift; sourceTree = "<group>"; };
		F99DFF9E2EE2F699008CAD69 /* LoginViewModel.swift */ = {isa = PBXFileReference; lastKnownFileType = sourcecode.swift; path = LoginViewModel.swift; sourceTree = "<group>"; };
		F9VIEWSR01 /* LoginView.swift */ = {isa = PBXFileReference; lastKnownFileType = sourcecode.swift; path = LoginView.swift; sourceTree = "<group>"; };
		F9VIEWSR02 /* RegisterView.swift */ = {isa = PBXFileReference; lastKnownFileType = sourcecode.swift; path = RegisterView.swift; sourceTree = "<group>"; };
		F9VIEWSR03 /* ForgotPasswordView.swift */ = {isa = PBXFileReference; lastKnownFileType = sourcecode.swift; path = ForgotPasswordView.swift; sourceTree = "<group>"; };
		F9VIEWSR04 /* LegalViews.swift */ = {isa = PBXFileReference; lastKnownFileType = sourcecode.swift; path = LegalViews.swift; sourceTree = "<group>"; };
		F9VIEWSR05 /* PhoneRegisterView.swift */ = {isa = PBXFileReference; lastKnownFileType = sourcecode.swift; path = PhoneRegisterView.swift; sourceTree = "<group>"; };
		F99DFFA02EE2F9FB008CAD69 /* BabyFeedingReminder.entitlements */ = {isa = PBXFileReference; lastKnownFileType = text.plist.entitlements; path = BabyFeedingReminder.entitlements; sourceTree = "<group>"; };
		F9THEMER01 /* Theme.swift */ = {isa = PBXFileReference; lastKnownFileType = sourcecode.swift; path = Theme.swift; sourceTree = "<group>"; };
		F9EXCRETR01 /* ExcretionView.swift */ = {isa = PBXFileReference; lastKnownFileType = sourcecode.swift; path = ExcretionView.swift; sourceTree = "<group>"; };
		F9EXCRETR02 /* ExcretionViewModel.swift */ = {isa = PBXFileReference; lastKnownFileType = sourcecode.swift; path = ExcretionViewModel.swift; sourceTree = "<group>"; };
		F9GROWTHR01 /* GrowthView.swift */ = {isa = PBXFileReference; lastKnownFileType = sourcecode.swift; path = GrowthView.swift; sourceTree = "<group>"; };
		F9GROWTHR02 /* GrowthViewModel.swift */ = {isa = PBXFileReference; lastKnownFileType = sourcecode.swift; path = GrowthViewModel.swift; sourceTree = "<group>"; };
		F9VACCINR01 /* VaccinationView.swift */ = {isa = PBXFileReference; lastKnownFileType = sourcecode.swift; path = VaccinationView.swift; sourceTree = "<group>"; };
		F9VACCINR02 /* VaccinationViewModel.swift */ = {isa = PBXFileReference; lastKnownFileType = sourcecode.swift; path = VaccinationViewModel.swift; sourceTree = "<group>"; };
		F9RECORDR01 /* RecordView.swift */ = {isa = PBXFileReference; lastKnownFileType = sourcecode.swift; path = RecordView.swift; sourceTree = "<group>"; };
/* End PBXFileReference section */

/* Begin PBXGroup section */
		1A0000020 = {
			isa = PBXGroup;
			children = (
				1A0000021 /* BabyFeedingReminder */,
				1A0000022 /* Products */,
			);
			sourceTree = "<group>";
		};
		1A0000021 /* BabyFeedingReminder */ = {
			isa = PBXGroup;
			children = (
				F99DFFA02EE2F9FB008CAD69 /* BabyFeedingReminder.entitlements */,
				F99DFF982EE2F5FD008CAD69 /* AppDelegate.swift */,
				1A0000011 /* BabyFeedingReminderApp.swift */,
				1A0000012 /* ContentView.swift */,
				F9THEMER01 /* Theme.swift */,
				1A0000013 /* Assets.xcassets */,
				1A0000023 /* Models */,
				1A0000024 /* Views */,
				1A0000025 /* ViewModels */,
				1A0000026 /* Services */,
			);
			path = BabyFeedingReminder;
			sourceTree = "<group>";
		};
		1A0000022 /* Products */ = {
			isa = PBXGroup;
			children = (
				1A0000010 /* BabyFeedingReminder.app */,
			);
			name = Products;
			sourceTree = "<group>";
		};
		1A0000023 /* Models */ = {
			isa = PBXGroup;
			children = (
				1A0000014 /* Models.swift */,
			);
			path = Models;
			sourceTree = "<group>";
		};
		1A0000024 /* Views */ = {
			isa = PBXGroup;
			children = (
				1A0000015 /* HomeView.swift */,
				1A0000016 /* FeedingView.swift */,
				1A0000017 /* SleepView.swift */,
				F9EXCRETR01 /* ExcretionView.swift */,
				F9GROWTHR01 /* GrowthView.swift */,
				1A0000018 /* StatisticsView.swift */,
				1A0000019 /* SettingsView.swift */,
				1A000001A /* BabyFormView.swift */,
				F9VIEWSR01 /* LoginView.swift */,
				F9VIEWSR02 /* RegisterView.swift */,
				F9VIEWSR03 /* ForgotPasswordView.swift */,
				F9VIEWSR04 /* LegalViews.swift */,
				F9VIEWSR05 /* PhoneRegisterView.swift */,
				F9VACCINR01 /* VaccinationView.swift */,
				F9RECORDR01 /* RecordView.swift */,
			);
			path = Views;
			sourceTree = "<group>";
		};
		1A0000025 /* ViewModels */ = {
			isa = PBXGroup;
			children = (
				1A000001B /* HomeViewModel.swift */,
				1A000001C /* FeedingViewModel.swift */,
				F99DFF9E2EE2F699008CAD69 /* LoginViewModel.swift */,
				1A000001D /* SleepViewModel.swift */,
				F9EXCRETR02 /* ExcretionViewModel.swift */,
				F9GROWTHR02 /* GrowthViewModel.swift */,
				F9VACCINR02 /* VaccinationViewModel.swift */,
				1A000001E /* StatisticsViewModel.swift */,
			);
			path = ViewModels;
			sourceTree = "<group>";
		};
		1A0000026 /* Services */ = {
			isa = PBXGroup;
			children = (
				1A000001F /* NetworkService.swift */,
				1A0000020A /* NotificationService.swift */,
			);
			path = Services;
			sourceTree = "<group>";
		};
/* End PBXGroup section */

/* Begin PBXNativeTarget section */
		1A0000030 /* BabyFeedingReminder */ = {
			isa = PBXNativeTarget;
			buildConfigurationList = 1A0000040 /* Build configuration list for PBXNativeTarget "BabyFeedingReminder" */;
			buildPhases = (
				1A0000031 /* Sources */,
				1A0000032 /* Resources */,
			);
			buildRules = (
			);
			dependencies = (
			);
			name = BabyFeedingReminder;
			productName = BabyFeedingReminder;
			productReference = 1A0000010 /* BabyFeedingReminder.app */;
			productType = "com.apple.product-type.application";
		};
/* End PBXNativeTarget section */

/* Begin PBXProject section */
		1A0000050 /* Project object */ = {
			isa = PBXProject;
			attributes = {
				BuildIndependentTargetsInParallel = 1;
				LastSwiftUpdateCheck = 1500;
				LastUpgradeCheck = 1500;
				TargetAttributes = {
					1A0000030 = {
						CreatedOnToolsVersion = 15.0;
					};
				};
			};
			buildConfigurationList = 1A0000051 /* Build configuration list for PBXProject "BabyFeedingReminder" */;
			compatibilityVersion = "Xcode 14.0";
			developmentRegion = en;
			hasScannedForEncodings = 0;
			knownRegions = (
				en,
				Base,
				"zh-Hans",
			);
			mainGroup = 1A0000020;
			productRefGroup = 1A0000022 /* Products */;
			projectDirPath = "";
			projectRoot = "";
			targets = (
				1A0000030 /* BabyFeedingReminder */,
			);
		};
/* End PBXProject section */

/* Begin PBXResourcesBuildPhase section */
		1A0000032 /* Resources */ = {
			isa = PBXResourcesBuildPhase;
			buildActionMask = 2147483647;
			files = (
				1A0000003 /* Assets.xcassets in Resources */,
			);
			runOnlyForDeploymentPostprocessing = 0;
		};
/* End PBXResourcesBuildPhase section */

/* Begin PBXSourcesBuildPhase section */
		1A0000031 /* Sources */ = {
			isa = PBXSourcesBuildPhase;
			buildActionMask = 2147483647;
			files = (
				1A0000001 /* BabyFeedingReminderApp.swift in Sources */,
				1A0000002 /* ContentView.swift in Sources */,
				F9THEME001 /* Theme.swift in Sources */,

				1A0000004 /* Models.swift in Sources */,
				1A0000005 /* HomeView.swift in Sources */,
				1A0000006 /* FeedingView.swift in Sources */,
				1A0000007 /* SleepView.swift in Sources */,
				1A0000008 /* StatisticsView.swift in Sources */,
				1A0000009 /* SettingsView.swift in Sources */,
				F99DFF992EE2F5FD008CAD69 /* AppDelegate.swift in Sources */,
				1A000000A /* BabyFormView.swift in Sources */,

				1A000000B /* HomeViewModel.swift in Sources */,
				1A000000C /* FeedingViewModel.swift in Sources */,
				1A000000D /* SleepViewModel.swift in Sources */,
				1A000000E /* StatisticsViewModel.swift in Sources */,
				1A000000F /* NetworkService.swift in Sources */,
				F99DFF9F2EE2F699008CAD69 /* LoginViewModel.swift in Sources */,
				1A00000010 /* NotificationService.swift in Sources */,
				F9VIEWS001 /* LoginView.swift in Sources */,
				F9VIEWS002 /* RegisterView.swift in Sources */,
				F9VIEWS003 /* ForgotPasswordView.swift in Sources */,
				F9VIEWS004 /* LegalViews.swift in Sources */,
				F9VIEWS005 /* PhoneRegisterView.swift in Sources */,
				F9EXCRET01 /* ExcretionView.swift in Sources */,
				F9EXCRET02 /* ExcretionViewModel.swift in Sources */,
				F9GROWTH01 /* GrowthView.swift in Sources */,
				F9GROWTH02 /* GrowthViewModel.swift in Sources */,
				F9VACCIN01 /* VaccinationView.swift in Sources */,
				F9VACCIN02 /* VaccinationViewModel.swift in Sources */,
				F9RECORD01 /* RecordView.swift in Sources */,
			);
			runOnlyForDeploymentPostprocessing = 0;
		};
/* End PBXSourcesBuildPhase section */

/* Begin XCBuildConfiguration section */
		1A0000060 /* Debug */ = {
			isa = XCBuildConfiguration;
			buildSettings = {
				ALWAYS_SEARCH_USER_PATHS = NO;
				ASSETCATALOG_COMPILER_GENERATE_SWIFT_ASSET_SYMBOL_EXTENSIONS = YES;
				CLANG_ANALYZER_NONNULL = YES;
				CLANG_CXX_LANGUAGE_STANDARD = "gnu++20";
				CLANG_ENABLE_MODULES = YES;
				CLANG_ENABLE_OBJC_ARC = YES;
				CODE_SIGN_STYLE = Automatic;
				COPY_PHASE_STRIP = NO;
				DEBUG_INFORMATION_FORMAT = dwarf;
				ENABLE_STRICT_OBJC_MSGSEND = YES;
				ENABLE_TESTABILITY = YES;
				GCC_DYNAMIC_NO_PIC = NO;
				GCC_OPTIMIZATION_LEVEL = 0;
				GCC_PREPROCESSOR_DEFINITIONS = (
					"DEBUG=1",
					"$(inherited)",
				);
				IPHONEOS_DEPLOYMENT_TARGET = 17.0;
				MTL_ENABLE_DEBUG_INFO = INCLUDE_SOURCE;
				ONLY_ACTIVE_ARCH = YES;
				SDKROOT = iphoneos;
				SWIFT_ACTIVE_COMPILATION_CONDITIONS = DEBUG;
				SWIFT_OPTIMIZATION_LEVEL = "-Onone";
			};
			name = Debug;
		};
		1A0000061 /* Release */ = {
			isa = XCBuildConfiguration;
			buildSettings = {
				ALWAYS_SEARCH_USER_PATHS = NO;
				ASSETCATALOG_COMPILER_GENERATE_SWIFT_ASSET_SYMBOL_EXTENSIONS = YES;
				CLANG_ANALYZER_NONNULL = YES;
				CLANG_CXX_LANGUAGE_STANDARD = "gnu++20";
				CLANG_ENABLE_MODULES = YES;
				CLANG_ENABLE_OBJC_ARC = YES;
				CODE_SIGN_STYLE = Automatic;
				COPY_PHASE_STRIP = NO;
				DEBUG_INFORMATION_FORMAT = "dwarf-with-dsym";
				ENABLE_NS_ASSERTIONS = NO;
				ENABLE_STRICT_OBJC_MSGSEND = YES;
				GCC_OPTIMIZATION_LEVEL = s;
				IPHONEOS_DEPLOYMENT_TARGET = 17.0;
				MTL_ENABLE_DEBUG_INFO = NO;
				SDKROOT = iphoneos;
				SWIFT_COMPILATION_MODE = wholemodule;
				SWIFT_OPTIMIZATION_LEVEL = "-O";
				VALIDATE_PRODUCT = YES;
			};
			name = Release;
		};
		1A0000070 /* Debug */ = {
			isa = XCBuildConfiguration;
			buildSettings = {
				ASSETCATALOG_COMPILER_APPICON_NAME = AppIcon;
				ASSETCATALOG_COMPILER_GLOBAL_ACCENT_COLOR_NAME = AccentColor;
				CODE_SIGN_ENTITLEMENTS = BabyFeedingReminder/BabyFeedingReminder.entitlements;
				CODE_SIGN_STYLE = Automatic;
				CURRENT_PROJECT_VERSION = 1;
				DEVELOPMENT_TEAM = "";
				GENERATE_INFOPLIST_FILE = YES;
				INFOPLIST_KEY_CFBundleDisplayName = "Baby Care";
				INFOPLIST_KEY_UIApplicationSceneManifest_Generation = YES;
				INFOPLIST_KEY_UIApplicationSupportsIndirectInputEvents = YES;
				INFOPLIST_KEY_UILaunchScreen_Generation = YES;
				INFOPLIST_KEY_UISupportedInterfaceOrientations_iPad = "UIInterfaceOrientationPortrait UIInterfaceOrientationPortraitUpsideDown UIInterfaceOrientationLandscapeLeft UIInterfaceOrientationLandscapeRight";
				INFOPLIST_KEY_UISupportedInterfaceOrientations_iPhone = "UIInterfaceOrientationPortrait UIInterfaceOrientationLandscapeLeft UIInterfaceOrientationLandscapeRight";
				LD_RUNPATH_SEARCH_PATHS = (
					"$(inherited)",
					"@executable_path/Frameworks",
				);
				MARKETING_VERSION = 1.0;
				PRODUCT_BUNDLE_IDENTIFIER = com.baby.feedingreminder;
				PRODUCT_NAME = "$(TARGET_NAME)";
				SWIFT_EMIT_LOC_STRINGS = YES;
				SWIFT_VERSION = 5.0;
				TARGETED_DEVICE_FAMILY = "1,2";
			};
			name = Debug;
		};
		1A0000071 /* Release */ = {
			isa = XCBuildConfiguration;
			buildSettings = {
				ASSETCATALOG_COMPILER_APPICON_NAME = AppIcon;
				ASSETCATALOG_COMPILER_GLOBAL_ACCENT_COLOR_NAME = AccentColor;
				CODE_SIGN_ENTITLEMENTS = BabyFeedingReminder/BabyFeedingReminder.entitlements;
				CODE_SIGN_STYLE = Automatic;
				CURRENT_PROJECT_VERSION = 1;
				DEVELOPMENT_TEAM = "";
				GENERATE_INFOPLIST_FILE = YES;
				INFOPLIST_KEY_CFBundleDisplayName = "Baby Care";
				INFOPLIST_KEY_UIApplicationSceneManifest_Generation = YES;
				INFOPLIST_KEY_UIApplicationSupportsIndirectInputEvents = YES;
				INFOPLIST_KEY_UILaunchScreen_Generation = YES;
				INFOPLIST_KEY_UISupportedInterfaceOrientations_iPad = "UIInterfaceOrientationPortrait UIInterfaceOrientationPortraitUpsideDown UIInterfaceOrientationLandscapeLeft UIInterfaceOrientationLandscapeRight";
				INFOPLIST_KEY_UISupportedInterfaceOrientations_iPhone = "UIInterfaceOrientationPortrait UIInterfaceOrientationLandscapeLeft UIInterfaceOrientationLandscapeRight";
				LD_RUNPATH_SEARCH_PATHS = (
					"$(inherited)",
					"@executable_path/Frameworks",
				);
				MARKETING_VERSION = 1.0;
				PRODUCT_BUNDLE_IDENTIFIER = com.baby.feedingreminder;
				PRODUCT_NAME = "$(TARGET_NAME)";
				SWIFT_EMIT_LOC_STRINGS = YES;
				SWIFT_VERSION = 5.0;
				TARGETED_DEVICE_FAMILY = "1,2";
			};
			name = Release;
		};
/* End XCBuildConfiguration section */

/* Begin XCConfigurationList section */
		1A0000040 /* Build configuration list for PBXNativeTarget "BabyFeedingReminder" */ = {
			isa = XCConfigurationList;
			buildConfigurations = (
				1A0000070 /* Debug */,
				1A0000071 /* Release */,
			);
			defaultConfigurationIsVisible = 0;
			defaultConfigurationName = Release;
		};
		1A0000051 /* Build configuration list for PBXProject "BabyFeedingReminder" */ = {
			isa = XCConfigurationList;
			buildConfigurations = (
				1A0000060 /* Debug */,
				1A0000061 /* Release */,
			);
			defaultConfigurationIsVisible = 0;
			defaultConfigurationName = Release;
		};
/* End XCConfigurationList section */
	};
	rootObject = 1A0000050 /* Project object */;
}
